
Microsoft Visual Studio Solution File, Format Version 12.00
# Visual Studio Version 17
VisualStudioVersion = 17.9.34728.123
MinimumVisualStudioVersion = 10.0.40219.1
Project("{FAE04EC0-301F-11D3-BF4B-00C04F79EFBC}") = "EFCoreTutorialsConsole", "EFCoreTutorialsConsole\EFCoreTutorialsConsole.csproj", "{94BEE701-1760-4377-B243-032B3200B8D4}"
EndProject
Project("{FAE04EC0-301F-11D3-BF4B-00C04F79EFBC}") = "SchoolDomain", "SchoolDomain\SchoolDomain.csproj", "{2528AD7B-E91D-45AC-9B45-6FDA4F3A7EB1}"
EndProject
Global
	GlobalSection(SolutionConfigurationPlatforms) = preSolution
		Debug|Any CPU = Debug|Any CPU
		Release|Any CPU = Release|Any CPU
	EndGlobalSection
	GlobalSection(ProjectConfigurationPlatforms) = postSolution
		{94BEE701-1760-4377-B243-032B3200B8D4}.Debug|Any CPU.ActiveCfg = Debug|Any CPU
		{94BEE701-1760-4377-B243-032B3200B8D4}.Debug|Any CPU.Build.0 = Debug|Any CPU
		{94BEE701-1760-4377-B243-032B3200B8D4}.Release|Any CPU.ActiveCfg = Release|Any CPU
		{94BEE701-1760-4377-B243-032B3200B8D4}.Release|Any CPU.Build.0 = Release|Any CPU
		{2528AD7B-E91D-45AC-9B45-6FDA4F3A7EB1}.Debug|Any CPU.ActiveCfg = Debug|Any CPU
		{2528AD7B-E91D-45AC-9B45-6FDA4F3A7EB1}.Debug|Any CPU.Build.0 = Debug|Any CPU
		{2528AD7B-E91D-45AC-9B45-6FDA4F3A7EB1}.Release|Any CPU.ActiveCfg = Release|Any CPU
		{2528AD7B-E91D-45AC-9B45-6FDA4F3A7EB1}.Release|Any CPU.Build.0 = Release|Any CPU
	EndGlobalSection
	GlobalSection(SolutionProperties) = preSolution
		HideSolutionNode = FALSE
	EndGlobalSection
	GlobalSection(ExtensibilityGlobals) = postSolution
		SolutionGuid = {40BD5705-B7BB-410E-AD4E-6FD0E5E1E1E7}
	EndGlobalSection
EndGlobal
